
Microsoft Visual Studio Solution File, Format Version 11.00
# Visual Studio 2010
Project("{8BC9CEB8-8B4A-11D0-8D11-00A0C91BC942}") = "Hades-Memory", "Hades-Memory\Hades-Memory.vcxproj", "{85FF02C9-9DB2-463A-B19A-05A24102750D}"
EndProject
Project("{8BC9CEB8-8B4A-11D0-8D11-00A0C91BC942}") = "Hades-MemHack", "Hades-MemHack\Hades-MemHack.vcxproj", "{DAB57CAD-4BFB-4D8D-8925-4DF8D818199A}"
	ProjectSection(ProjectDependencies) = postProject
		{C2622B08-7011-4C5B-AF13-F5757447A58D} = {C2622B08-7011-4C5B-AF13-F5757447A58D}
		{483A6227-B963-4AF1-AED6-6C00B9C270D0} = {483A6227-B963-4AF1-AED6-6C00B9C270D0}
		{53EC524C-5019-45AF-990E-A27A2FC0C14A} = {53EC524C-5019-45AF-990E-A27A2FC0C14A}
		{EBA1A67B-2C15-41A3-9891-5D8F59B5FBA8} = {EBA1A67B-2C15-41A3-9891-5D8F59B5FBA8}
	EndProjectSection
EndProject
Project("{8BC9CEB8-8B4A-11D0-8D11-00A0C91BC942}") = "Hades-MemHackDll", "Hades-MemHackDll\Hades-MemHackDll.vcxproj", "{3E443F3E-7531-4974-BF9B-0ABE8AB1954C}"
	ProjectSection(ProjectDependencies) = postProject
		{C2622B08-7011-4C5B-AF13-F5757447A58D} = {C2622B08-7011-4C5B-AF13-F5757447A58D}
		{483A6227-B963-4AF1-AED6-6C00B9C270D0} = {483A6227-B963-4AF1-AED6-6C00B9C270D0}
		{53EC524C-5019-45AF-990E-A27A2FC0C14A} = {53EC524C-5019-45AF-990E-A27A2FC0C14A}
		{EBA1A67B-2C15-41A3-9891-5D8F59B5FBA8} = {EBA1A67B-2C15-41A3-9891-5D8F59B5FBA8}
	EndProjectSection
EndProject
Project("{8BC9CEB8-8B4A-11D0-8D11-00A0C91BC942}") = "Hades-MMHelper", "Hades-MMHelper\Hades-MMHelper.vcxproj", "{B52D7B72-CA3C-422F-AB64-92DD90351ED2}"
	ProjectSection(ProjectDependencies) = postProject
		{C2622B08-7011-4C5B-AF13-F5757447A58D} = {C2622B08-7011-4C5B-AF13-F5757447A58D}
		{483A6227-B963-4AF1-AED6-6C00B9C270D0} = {483A6227-B963-4AF1-AED6-6C00B9C270D0}
		{53EC524C-5019-45AF-990E-A27A2FC0C14A} = {53EC524C-5019-45AF-990E-A27A2FC0C14A}
		{EBA1A67B-2C15-41A3-9891-5D8F59B5FBA8} = {EBA1A67B-2C15-41A3-9891-5D8F59B5FBA8}
	EndProjectSection
EndProject
Project("{8BC9CEB8-8B4A-11D0-8D11-00A0C91BC942}") = "Hades-Kernel", "Hades-Kernel\Hades-Kernel.vcxproj", "{E3A2BCD5-A42F-42B0-90C9-EBE0C13C4AAF}"
	ProjectSection(ProjectDependencies) = postProject
		{C2622B08-7011-4C5B-AF13-F5757447A58D} = {C2622B08-7011-4C5B-AF13-F5757447A58D}
		{483A6227-B963-4AF1-AED6-6C00B9C270D0} = {483A6227-B963-4AF1-AED6-6C00B9C270D0}
		{53EC524C-5019-45AF-990E-A27A2FC0C14A} = {53EC524C-5019-45AF-990E-A27A2FC0C14A}
		{EBA1A67B-2C15-41A3-9891-5D8F59B5FBA8} = {EBA1A67B-2C15-41A3-9891-5D8F59B5FBA8}
		{6E149A9B-7739-463E-B50F-AFB5EA06727E} = {6E149A9B-7739-463E-B50F-AFB5EA06727E}
	EndProjectSection
EndProject
Project("{8BC9CEB8-8B4A-11D0-8D11-00A0C91BC942}") = "Hades-Common", "Hades-Common\Hades-Common.vcxproj", "{90004D02-A0D0-4930-B385-BFD10E88BA62}"
EndProject
Project("{8BC9CEB8-8B4A-11D0-8D11-00A0C91BC942}") = "AsmJit", "AsmJit\AsmJit.vcxproj", "{53EC524C-5019-45AF-990E-A27A2FC0C14A}"
EndProject
Project("{8BC9CEB8-8B4A-11D0-8D11-00A0C91BC942}") = "Lua", "Lua\Lua.vcxproj", "{C2622B08-7011-4C5B-AF13-F5757447A58D}"
EndProject
Project("{8BC9CEB8-8B4A-11D0-8D11-00A0C91BC942}") = "LuaBind", "LuaBind\LuaBind.vcxproj", "{EBA1A67B-2C15-41A3-9891-5D8F59B5FBA8}"
EndProject
Project("{8BC9CEB8-8B4A-11D0-8D11-00A0C91BC942}") = "BeaEngine", "BeaEngine\BeaEngine.vcxproj", "{483A6227-B963-4AF1-AED6-6C00B9C270D0}"
EndProject
Project("{8BC9CEB8-8B4A-11D0-8D11-00A0C91BC942}") = "RapidXML", "RapidXML\RapidXML.vcxproj", "{20D696C4-9FDC-47BA-8E09-76F746F215E2}"
EndProject
Project("{2150E333-8FDC-42A3-9474-1A3956D46DE8}") = "Solution Items", "Solution Items", "{103C65B2-84CC-4BE6-A4FF-39177884F281}"
	ProjectSection(SolutionItems) = preProject
		COPYRIGHT.txt = COPYRIGHT.txt
		GPL-3.0.txt = GPL-3.0.txt
		LICENSE.txt = LICENSE.txt
		README.txt = README.txt
	EndProjectSection
EndProject
Project("{8BC9CEB8-8B4A-11D0-8D11-00A0C91BC942}") = "Hades-D3D9", "Hades-D3D9\Hades-D3D9.vcxproj", "{D0D32FA8-98D7-431F-B5AF-1EBD0C2C35B1}"
	ProjectSection(ProjectDependencies) = postProject
		{C2622B08-7011-4C5B-AF13-F5757447A58D} = {C2622B08-7011-4C5B-AF13-F5757447A58D}
		{483A6227-B963-4AF1-AED6-6C00B9C270D0} = {483A6227-B963-4AF1-AED6-6C00B9C270D0}
		{D7C5A627-539F-441F-A503-9CBBAE38937D} = {D7C5A627-539F-441F-A503-9CBBAE38937D}
		{53EC524C-5019-45AF-990E-A27A2FC0C14A} = {53EC524C-5019-45AF-990E-A27A2FC0C14A}
		{EBA1A67B-2C15-41A3-9891-5D8F59B5FBA8} = {EBA1A67B-2C15-41A3-9891-5D8F59B5FBA8}
	EndProjectSection
EndProject
Project("{8BC9CEB8-8B4A-11D0-8D11-00A0C91BC942}") = "Hades-GUI", "Hades-GUI\Hades-GUI.vcxproj", "{D7C5A627-539F-441F-A503-9CBBAE38937D}"
EndProject
Project("{8BC9CEB8-8B4A-11D0-8D11-00A0C91BC942}") = "Hades-Input", "Hades-Input\Hades-Input.vcxproj", "{76919973-05DA-4629-81F8-519CD5E36804}"
	ProjectSection(ProjectDependencies) = postProject
		{C2622B08-7011-4C5B-AF13-F5757447A58D} = {C2622B08-7011-4C5B-AF13-F5757447A58D}
		{483A6227-B963-4AF1-AED6-6C00B9C270D0} = {483A6227-B963-4AF1-AED6-6C00B9C270D0}
		{53EC524C-5019-45AF-990E-A27A2FC0C14A} = {53EC524C-5019-45AF-990E-A27A2FC0C14A}
		{EBA1A67B-2C15-41A3-9891-5D8F59B5FBA8} = {EBA1A67B-2C15-41A3-9891-5D8F59B5FBA8}
	EndProjectSection
EndProject
Project("{8BC9CEB8-8B4A-11D0-8D11-00A0C91BC942}") = "Hades-GUISandbox", "Hades-GUISandbox\Hades-GUISandbox.vcxproj", "{68423DF5-51DD-401D-A460-24C18189F082}"
	ProjectSection(ProjectDependencies) = postProject
		{D7C5A627-539F-441F-A503-9CBBAE38937D} = {D7C5A627-539F-441F-A503-9CBBAE38937D}
	EndProjectSection
EndProject
Project("{8BC9CEB8-8B4A-11D0-8D11-00A0C91BC942}") = "Hades-HXGenHack", "Hades-HXGenHack\Hades-HXGenHack.vcxproj", "{60A74D9D-3A2C-40AB-BD6A-35D12B5A0C39}"
	ProjectSection(ProjectDependencies) = postProject
		{C2622B08-7011-4C5B-AF13-F5757447A58D} = {C2622B08-7011-4C5B-AF13-F5757447A58D}
		{483A6227-B963-4AF1-AED6-6C00B9C270D0} = {483A6227-B963-4AF1-AED6-6C00B9C270D0}
		{D7C5A627-539F-441F-A503-9CBBAE38937D} = {D7C5A627-539F-441F-A503-9CBBAE38937D}
		{53EC524C-5019-45AF-990E-A27A2FC0C14A} = {53EC524C-5019-45AF-990E-A27A2FC0C14A}
		{EBA1A67B-2C15-41A3-9891-5D8F59B5FBA8} = {EBA1A67B-2C15-41A3-9891-5D8F59B5FBA8}
	EndProjectSection
EndProject
Project("{FAE04EC0-301F-11D3-BF4B-00C04F79EFBC}") = "Hades-DotNetTest", "Hades-DotNetTest\Hades-DotNetTest.csproj", "{EC60D026-C217-447E-A26D-A3838B85D2A4}"
EndProject
Project("{FAE04EC0-301F-11D3-BF4B-00C04F79EFBC}") = "Hades-AD", "Hades-AD\Hades-AD.csproj", "{6E149A9B-7739-463E-B50F-AFB5EA06727E}"
EndProject
Project("{8BC9CEB8-8B4A-11D0-8D11-00A0C91BC942}") = "Hades-MMTester", "Hades-MMTester\Hades-MMTester.vcxproj", "{A1D45EE3-7144-4657-869E-4A2415A59839}"
	ProjectSection(ProjectDependencies) = postProject
		{C2622B08-7011-4C5B-AF13-F5757447A58D} = {C2622B08-7011-4C5B-AF13-F5757447A58D}
		{483A6227-B963-4AF1-AED6-6C00B9C270D0} = {483A6227-B963-4AF1-AED6-6C00B9C270D0}
		{53EC524C-5019-45AF-990E-A27A2FC0C14A} = {53EC524C-5019-45AF-990E-A27A2FC0C14A}
		{EBA1A67B-2C15-41A3-9891-5D8F59B5FBA8} = {EBA1A67B-2C15-41A3-9891-5D8F59B5FBA8}
	EndProjectSection
EndProject
Project("{8BC9CEB8-8B4A-11D0-8D11-00A0C91BC942}") = "Hades-Loader", "Hades-Loader\Hades-Loader.vcxproj", "{4B6016B2-3E37-43B5-86AF-0637F9FCDC63}"
	ProjectSection(ProjectDependencies) = postProject
		{C2622B08-7011-4C5B-AF13-F5757447A58D} = {C2622B08-7011-4C5B-AF13-F5757447A58D}
		{483A6227-B963-4AF1-AED6-6C00B9C270D0} = {483A6227-B963-4AF1-AED6-6C00B9C270D0}
		{D7C5A627-539F-441F-A503-9CBBAE38937D} = {D7C5A627-539F-441F-A503-9CBBAE38937D}
		{53EC524C-5019-45AF-990E-A27A2FC0C14A} = {53EC524C-5019-45AF-990E-A27A2FC0C14A}
		{EBA1A67B-2C15-41A3-9891-5D8F59B5FBA8} = {EBA1A67B-2C15-41A3-9891-5D8F59B5FBA8}
	EndProjectSection
EndProject
Global
	GlobalSection(SubversionScc) = preSolution
		Svn-Managed = True
		Manager = AnkhSVN - Subversion Support for Visual Studio
	EndGlobalSection
	GlobalSection(SolutionConfigurationPlatforms) = preSolution
		Debug|Win32 = Debug|Win32
		Debug|x64 = Debug|x64
		Release|Win32 = Release|Win32
		Release|x64 = Release|x64
	EndGlobalSection
	GlobalSection(ProjectConfigurationPlatforms) = postSolution
		{85FF02C9-9DB2-463A-B19A-05A24102750D}.Debug|Win32.ActiveCfg = Debug|Win32
		{85FF02C9-9DB2-463A-B19A-05A24102750D}.Debug|Win32.Build.0 = Debug|Win32
		{85FF02C9-9DB2-463A-B19A-05A24102750D}.Debug|x64.ActiveCfg = Debug|x64
		{85FF02C9-9DB2-463A-B19A-05A24102750D}.Debug|x64.Build.0 = Debug|x64
		{85FF02C9-9DB2-463A-B19A-05A24102750D}.Release|Win32.ActiveCfg = Release|Win32
		{85FF02C9-9DB2-463A-B19A-05A24102750D}.Release|Win32.Build.0 = Release|Win32
		{85FF02C9-9DB2-463A-B19A-05A24102750D}.Release|x64.ActiveCfg = Release|x64
		{85FF02C9-9DB2-463A-B19A-05A24102750D}.Release|x64.Build.0 = Release|x64
		{DAB57CAD-4BFB-4D8D-8925-4DF8D818199A}.Debug|Win32.ActiveCfg = Debug|Win32
		{DAB57CAD-4BFB-4D8D-8925-4DF8D818199A}.Debug|Win32.Build.0 = Debug|Win32
		{DAB57CAD-4BFB-4D8D-8925-4DF8D818199A}.Debug|x64.ActiveCfg = Debug|x64
		{DAB57CAD-4BFB-4D8D-8925-4DF8D818199A}.Debug|x64.Build.0 = Debug|x64
		{DAB57CAD-4BFB-4D8D-8925-4DF8D818199A}.Release|Win32.ActiveCfg = Release|Win32
		{DAB57CAD-4BFB-4D8D-8925-4DF8D818199A}.Release|Win32.Build.0 = Release|Win32
		{DAB57CAD-4BFB-4D8D-8925-4DF8D818199A}.Release|x64.ActiveCfg = Release|x64
		{DAB57CAD-4BFB-4D8D-8925-4DF8D818199A}.Release|x64.Build.0 = Release|x64
		{3E443F3E-7531-4974-BF9B-0ABE8AB1954C}.Debug|Win32.ActiveCfg = Debug|Win32
		{3E443F3E-7531-4974-BF9B-0ABE8AB1954C}.Debug|Win32.Build.0 = Debug|Win32
		{3E443F3E-7531-4974-BF9B-0ABE8AB1954C}.Debug|x64.ActiveCfg = Debug|x64
		{3E443F3E-7531-4974-BF9B-0ABE8AB1954C}.Debug|x64.Build.0 = Debug|x64
		{3E443F3E-7531-4974-BF9B-0ABE8AB1954C}.Release|Win32.ActiveCfg = Release|Win32
		{3E443F3E-7531-4974-BF9B-0ABE8AB1954C}.Release|Win32.Build.0 = Release|Win32
		{3E443F3E-7531-4974-BF9B-0ABE8AB1954C}.Release|x64.ActiveCfg = Release|x64
		{3E443F3E-7531-4974-BF9B-0ABE8AB1954C}.Release|x64.Build.0 = Release|x64
		{B52D7B72-CA3C-422F-AB64-92DD90351ED2}.Debug|Win32.ActiveCfg = Debug|Win32
		{B52D7B72-CA3C-422F-AB64-92DD90351ED2}.Debug|Win32.Build.0 = Debug|Win32
		{B52D7B72-CA3C-422F-AB64-92DD90351ED2}.Debug|x64.ActiveCfg = Debug|x64
		{B52D7B72-CA3C-422F-AB64-92DD90351ED2}.Debug|x64.Build.0 = Debug|x64
		{B52D7B72-CA3C-422F-AB64-92DD90351ED2}.Release|Win32.ActiveCfg = Release|Win32
		{B52D7B72-CA3C-422F-AB64-92DD90351ED2}.Release|Win32.Build.0 = Release|Win32
		{B52D7B72-CA3C-422F-AB64-92DD90351ED2}.Release|x64.ActiveCfg = Release|x64
		{B52D7B72-CA3C-422F-AB64-92DD90351ED2}.Release|x64.Build.0 = Release|x64
		{E3A2BCD5-A42F-42B0-90C9-EBE0C13C4AAF}.Debug|Win32.ActiveCfg = Debug|Win32
		{E3A2BCD5-A42F-42B0-90C9-EBE0C13C4AAF}.Debug|Win32.Build.0 = Debug|Win32
		{E3A2BCD5-A42F-42B0-90C9-EBE0C13C4AAF}.Debug|x64.ActiveCfg = Debug|x64
		{E3A2BCD5-A42F-42B0-90C9-EBE0C13C4AAF}.Debug|x64.Build.0 = Debug|x64
		{E3A2BCD5-A42F-42B0-90C9-EBE0C13C4AAF}.Release|Win32.ActiveCfg = Release|Win32
		{E3A2BCD5-A42F-42B0-90C9-EBE0C13C4AAF}.Release|Win32.Build.0 = Release|Win32
		{E3A2BCD5-A42F-42B0-90C9-EBE0C13C4AAF}.Release|x64.ActiveCfg = Release|x64
		{E3A2BCD5-A42F-42B0-90C9-EBE0C13C4AAF}.Release|x64.Build.0 = Release|x64
		{90004D02-A0D0-4930-B385-BFD10E88BA62}.Debug|Win32.ActiveCfg = Debug|Win32
		{90004D02-A0D0-4930-B385-BFD10E88BA62}.Debug|Win32.Build.0 = Debug|Win32
		{90004D02-A0D0-4930-B385-BFD10E88BA62}.Debug|x64.ActiveCfg = Debug|x64
		{90004D02-A0D0-4930-B385-BFD10E88BA62}.Debug|x64.Build.0 = Debug|x64
		{90004D02-A0D0-4930-B385-BFD10E88BA62}.Release|Win32.ActiveCfg = Release|Win32
		{90004D02-A0D0-4930-B385-BFD10E88BA62}.Release|Win32.Build.0 = Release|Win32
		{90004D02-A0D0-4930-B385-BFD10E88BA62}.Release|x64.ActiveCfg = Release|x64
		{90004D02-A0D0-4930-B385-BFD10E88BA62}.Release|x64.Build.0 = Release|x64
		{53EC524C-5019-45AF-990E-A27A2FC0C14A}.Debug|Win32.ActiveCfg = Debug|Win32
		{53EC524C-5019-45AF-990E-A27A2FC0C14A}.Debug|Win32.Build.0 = Debug|Win32
		{53EC524C-5019-45AF-990E-A27A2FC0C14A}.Debug|x64.ActiveCfg = Debug|x64
		{53EC524C-5019-45AF-990E-A27A2FC0C14A}.Debug|x64.Build.0 = Debug|x64
		{53EC524C-5019-45AF-990E-A27A2FC0C14A}.Release|Win32.ActiveCfg = Release|Win32
		{53EC524C-5019-45AF-990E-A27A2FC0C14A}.Release|Win32.Build.0 = Release|Win32
		{53EC524C-5019-45AF-990E-A27A2FC0C14A}.Release|x64.ActiveCfg = Release|x64
		{53EC524C-5019-45AF-990E-A27A2FC0C14A}.Release|x64.Build.0 = Release|x64
		{C2622B08-7011-4C5B-AF13-F5757447A58D}.Debug|Win32.ActiveCfg = Debug|Win32
		{C2622B08-7011-4C5B-AF13-F5757447A58D}.Debug|Win32.Build.0 = Debug|Win32
		{C2622B08-7011-4C5B-AF13-F5757447A58D}.Debug|x64.ActiveCfg = Debug|x64
		{C2622B08-7011-4C5B-AF13-F5757447A58D}.Debug|x64.Build.0 = Debug|x64
		{C2622B08-7011-4C5B-AF13-F5757447A58D}.Release|Win32.ActiveCfg = Release|Win32
		{C2622B08-7011-4C5B-AF13-F5757447A58D}.Release|Win32.Build.0 = Release|Win32
		{C2622B08-7011-4C5B-AF13-F5757447A58D}.Release|x64.ActiveCfg = Release|x64
		{C2622B08-7011-4C5B-AF13-F5757447A58D}.Release|x64.Build.0 = Release|x64
		{EBA1A67B-2C15-41A3-9891-5D8F59B5FBA8}.Debug|Win32.ActiveCfg = Debug|Win32
		{EBA1A67B-2C15-41A3-9891-5D8F59B5FBA8}.Debug|Win32.Build.0 = Debug|Win32
		{EBA1A67B-2C15-41A3-9891-5D8F59B5FBA8}.Debug|x64.ActiveCfg = Debug|x64
		{EBA1A67B-2C15-41A3-9891-5D8F59B5FBA8}.Debug|x64.Build.0 = Debug|x64
		{EBA1A67B-2C15-41A3-9891-5D8F59B5FBA8}.Release|Win32.ActiveCfg = Release|Win32
		{EBA1A67B-2C15-41A3-9891-5D8F59B5FBA8}.Release|Win32.Build.0 = Release|Win32
		{EBA1A67B-2C15-41A3-9891-5D8F59B5FBA8}.Release|x64.ActiveCfg = Release|x64
		{EBA1A67B-2C15-41A3-9891-5D8F59B5FBA8}.Release|x64.Build.0 = Release|x64
		{483A6227-B963-4AF1-AED6-6C00B9C270D0}.Debug|Win32.ActiveCfg = Debug|Win32
		{483A6227-B963-4AF1-AED6-6C00B9C270D0}.Debug|Win32.Build.0 = Debug|Win32
		{483A6227-B963-4AF1-AED6-6C00B9C270D0}.Debug|x64.ActiveCfg = Debug|x64
		{483A6227-B963-4AF1-AED6-6C00B9C270D0}.Debug|x64.Build.0 = Debug|x64
		{483A6227-B963-4AF1-AED6-6C00B9C270D0}.Release|Win32.ActiveCfg = Release|Win32
		{483A6227-B963-4AF1-AED6-6C00B9C270D0}.Release|Win32.Build.0 = Release|Win32
		{483A6227-B963-4AF1-AED6-6C00B9C270D0}.Release|x64.ActiveCfg = Release|x64
		{483A6227-B963-4AF1-AED6-6C00B9C270D0}.Release|x64.Build.0 = Release|x64
		{20D696C4-9FDC-47BA-8E09-76F746F215E2}.Debug|Win32.ActiveCfg = Debug|Win32
		{20D696C4-9FDC-47BA-8E09-76F746F215E2}.Debug|Win32.Build.0 = Debug|Win32
		{20D696C4-9FDC-47BA-8E09-76F746F215E2}.Debug|x64.ActiveCfg = Debug|x64
		{20D696C4-9FDC-47BA-8E09-76F746F215E2}.Debug|x64.Build.0 = Debug|x64
		{20D696C4-9FDC-47BA-8E09-76F746F215E2}.Release|Win32.ActiveCfg = Release|Win32
		{20D696C4-9FDC-47BA-8E09-76F746F215E2}.Release|Win32.Build.0 = Release|Win32
		{20D696C4-9FDC-47BA-8E09-76F746F215E2}.Release|x64.ActiveCfg = Release|x64
		{20D696C4-9FDC-47BA-8E09-76F746F215E2}.Release|x64.Build.0 = Release|x64
		{D0D32FA8-98D7-431F-B5AF-1EBD0C2C35B1}.Debug|Win32.ActiveCfg = Debug|Win32
		{D0D32FA8-98D7-431F-B5AF-1EBD0C2C35B1}.Debug|Win32.Build.0 = Debug|Win32
		{D0D32FA8-98D7-431F-B5AF-1EBD0C2C35B1}.Debug|x64.ActiveCfg = Debug|x64
		{D0D32FA8-98D7-431F-B5AF-1EBD0C2C35B1}.Debug|x64.Build.0 = Debug|x64
		{D0D32FA8-98D7-431F-B5AF-1EBD0C2C35B1}.Release|Win32.ActiveCfg = Release|Win32
		{D0D32FA8-98D7-431F-B5AF-1EBD0C2C35B1}.Release|Win32.Build.0 = Release|Win32
		{D0D32FA8-98D7-431F-B5AF-1EBD0C2C35B1}.Release|x64.ActiveCfg = Release|x64
		{D0D32FA8-98D7-431F-B5AF-1EBD0C2C35B1}.Release|x64.Build.0 = Release|x64
		{D7C5A627-539F-441F-A503-9CBBAE38937D}.Debug|Win32.ActiveCfg = Debug|Win32
		{D7C5A627-539F-441F-A503-9CBBAE38937D}.Debug|Win32.Build.0 = Debug|Win32
		{D7C5A627-539F-441F-A503-9CBBAE38937D}.Debug|x64.ActiveCfg = Debug|x64
		{D7C5A627-539F-441F-A503-9CBBAE38937D}.Debug|x64.Build.0 = Debug|x64
		{D7C5A627-539F-441F-A503-9CBBAE38937D}.Release|Win32.ActiveCfg = Release|Win32
		{D7C5A627-539F-441F-A503-9CBBAE38937D}.Release|Win32.Build.0 = Release|Win32
		{D7C5A627-539F-441F-A503-9CBBAE38937D}.Release|x64.ActiveCfg = Release|x64
		{D7C5A627-539F-441F-A503-9CBBAE38937D}.Release|x64.Build.0 = Release|x64
		{76919973-05DA-4629-81F8-519CD5E36804}.Debug|Win32.ActiveCfg = Debug|Win32
		{76919973-05DA-4629-81F8-519CD5E36804}.Debug|Win32.Build.0 = Debug|Win32
		{76919973-05DA-4629-81F8-519CD5E36804}.Debug|x64.ActiveCfg = Debug|x64
		{76919973-05DA-4629-81F8-519CD5E36804}.Debug|x64.Build.0 = Debug|x64
		{76919973-05DA-4629-81F8-519CD5E36804}.Release|Win32.ActiveCfg = Release|Win32
		{76919973-05DA-4629-81F8-519CD5E36804}.Release|Win32.Build.0 = Release|Win32
		{76919973-05DA-4629-81F8-519CD5E36804}.Release|x64.ActiveCfg = Release|x64
		{76919973-05DA-4629-81F8-519CD5E36804}.Release|x64.Build.0 = Release|x64
		{68423DF5-51DD-401D-A460-24C18189F082}.Debug|Win32.ActiveCfg = Debug|Win32
		{68423DF5-51DD-401D-A460-24C18189F082}.Debug|Win32.Build.0 = Debug|Win32
		{68423DF5-51DD-401D-A460-24C18189F082}.Debug|x64.ActiveCfg = Debug|x64
		{68423DF5-51DD-401D-A460-24C18189F082}.Debug|x64.Build.0 = Debug|x64
		{68423DF5-51DD-401D-A460-24C18189F082}.Release|Win32.ActiveCfg = Release|Win32
		{68423DF5-51DD-401D-A460-24C18189F082}.Release|Win32.Build.0 = Release|Win32
		{68423DF5-51DD-401D-A460-24C18189F082}.Release|x64.ActiveCfg = Release|x64
		{68423DF5-51DD-401D-A460-24C18189F082}.Release|x64.Build.0 = Release|x64
		{60A74D9D-3A2C-40AB-BD6A-35D12B5A0C39}.Debug|Win32.ActiveCfg = Debug|Win32
		{60A74D9D-3A2C-40AB-BD6A-35D12B5A0C39}.Debug|Win32.Build.0 = Debug|Win32
		{60A74D9D-3A2C-40AB-BD6A-35D12B5A0C39}.Debug|x64.ActiveCfg = Debug|x64
		{60A74D9D-3A2C-40AB-BD6A-35D12B5A0C39}.Debug|x64.Build.0 = Debug|x64
		{60A74D9D-3A2C-40AB-BD6A-35D12B5A0C39}.Release|Win32.ActiveCfg = Release|Win32
		{60A74D9D-3A2C-40AB-BD6A-35D12B5A0C39}.Release|Win32.Build.0 = Release|Win32
		{60A74D9D-3A2C-40AB-BD6A-35D12B5A0C39}.Release|x64.ActiveCfg = Release|x64
		{60A74D9D-3A2C-40AB-BD6A-35D12B5A0C39}.Release|x64.Build.0 = Release|x64
		{EC60D026-C217-447E-A26D-A3838B85D2A4}.Debug|Win32.ActiveCfg = Debug|Any CPU
		{EC60D026-C217-447E-A26D-A3838B85D2A4}.Debug|Win32.Build.0 = Debug|Any CPU
		{EC60D026-C217-447E-A26D-A3838B85D2A4}.Debug|x64.ActiveCfg = Debug|Any CPU
		{EC60D026-C217-447E-A26D-A3838B85D2A4}.Debug|x64.Build.0 = Debug|Any CPU
		{EC60D026-C217-447E-A26D-A3838B85D2A4}.Release|Win32.ActiveCfg = Release|Any CPU
		{EC60D026-C217-447E-A26D-A3838B85D2A4}.Release|Win32.Build.0 = Release|Any CPU
		{EC60D026-C217-447E-A26D-A3838B85D2A4}.Release|x64.ActiveCfg = Release|Any CPU
		{EC60D026-C217-447E-A26D-A3838B85D2A4}.Release|x64.Build.0 = Release|Any CPU
		{6E149A9B-7739-463E-B50F-AFB5EA06727E}.Debug|Win32.ActiveCfg = Debug|Any CPU
		{6E149A9B-7739-463E-B50F-AFB5EA06727E}.Debug|Win32.Build.0 = Debug|Any CPU
		{6E149A9B-7739-463E-B50F-AFB5EA06727E}.Debug|x64.ActiveCfg = Debug|Any CPU
		{6E149A9B-7739-463E-B50F-AFB5EA06727E}.Debug|x64.Build.0 = Debug|Any CPU
		{6E149A9B-7739-463E-B50F-AFB5EA06727E}.Release|Win32.ActiveCfg = Release|Any CPU
		{6E149A9B-7739-463E-B50F-AFB5EA06727E}.Release|Win32.Build.0 = Release|Any CPU
		{6E149A9B-7739-463E-B50F-AFB5EA06727E}.Release|x64.ActiveCfg = Release|Any CPU
		{6E149A9B-7739-463E-B50F-AFB5EA06727E}.Release|x64.Build.0 = Release|Any CPU
		{A1D45EE3-7144-4657-869E-4A2415A59839}.Debug|Win32.ActiveCfg = Debug|Win32
		{A1D45EE3-7144-4657-869E-4A2415A59839}.Debug|Win32.Build.0 = Debug|Win32
		{A1D45EE3-7144-4657-869E-4A2415A59839}.Debug|x64.ActiveCfg = Debug|x64
		{A1D45EE3-7144-4657-869E-4A2415A59839}.Debug|x64.Build.0 = Debug|x64
		{A1D45EE3-7144-4657-869E-4A2415A59839}.Release|Win32.ActiveCfg = Release|Win32
		{A1D45EE3-7144-4657-869E-4A2415A59839}.Release|Win32.Build.0 = Release|Win32
		{A1D45EE3-7144-4657-869E-4A2415A59839}.Release|x64.ActiveCfg = Release|x64
		{A1D45EE3-7144-4657-869E-4A2415A59839}.Release|x64.Build.0 = Release|x64
		{4B6016B2-3E37-43B5-86AF-0637F9FCDC63}.Debug|Win32.ActiveCfg = Debug|Win32
		{4B6016B2-3E37-43B5-86AF-0637F9FCDC63}.Debug|Win32.Build.0 = Debug|Win32
		{4B6016B2-3E37-43B5-86AF-0637F9FCDC63}.Debug|x64.ActiveCfg = Debug|x64
		{4B6016B2-3E37-43B5-86AF-0637F9FCDC63}.Debug|x64.Build.0 = Debug|x64
		{4B6016B2-3E37-43B5-86AF-0637F9FCDC63}.Release|Win32.ActiveCfg = Release|Win32
		{4B6016B2-3E37-43B5-86AF-0637F9FCDC63}.Release|Win32.Build.0 = Release|Win32
		{4B6016B2-3E37-43B5-86AF-0637F9FCDC63}.Release|x64.ActiveCfg = Release|x64
		{4B6016B2-3E37-43B5-86AF-0637F9FCDC63}.Release|x64.Build.0 = Release|x64
	EndGlobalSection
	GlobalSection(SolutionProperties) = preSolution
		HideSolutionNode = FALSE
	EndGlobalSection
EndGlobal
